
Microsoft Visual Studio Solution File, Format Version 12.00 
# Visual Studio Version 17
VisualStudioVersion = 17.3.32929.385
MinimumVisualStudioVersion = 10.0.40219.1
Project("{9A19103F-16F7-4668-BE54-9A1E7A4F7556}") = "AutomotrizFront", "AutomotrizFront\AutomotrizFront.csproj", "{7D4E9989-5BB2-442C-845D-C0FC451EA650}"
EndProject
Project("{9A19103F-16F7-4668-BE54-9A1E7A4F7556}") = "AutomotrizBack", "AutomotrizBack\AutomotrizBack.csproj", "{BC7D066C-7650-498C-9F7A-CA52C4B929D8}"
EndProject
Project("{FAE04EC0-301F-11D3-BF4B-00C04F79EFBC}") = "AutomotrizWebAPI", "AutomotrizWebAPI\AutomotrizWebAPI.csproj", "{838F94DB-2570-480D-AA34-3110DE42780F}"
EndProject
Global
	GlobalSection(SolutionConfigurationPlatforms) = preSolution
		Debug|Any CPU = Debug|Any CPU
		Release|Any CPU = Release|Any CPU
	EndGlobalSection
	GlobalSection(ProjectConfigurationPlatforms) = postSolution
		{7D4E9989-5BB2-442C-845D-C0FC451EA650}.Debug|Any CPU.ActiveCfg = Debug|Any CPU
		{7D4E9989-5BB2-442C-845D-C0FC451EA650}.Debug|Any CPU.Build.0 = Debug|Any CPU
		{7D4E9989-5BB2-442C-845D-C0FC451EA650}.Release|Any CPU.ActiveCfg = Release|Any CPU
		{7D4E9989-5BB2-442C-845D-C0FC451EA650}.Release|Any CPU.Build.0 = Release|Any CPU
		{BC7D066C-7650-498C-9F7A-CA52C4B929D8}.Debug|Any CPU.ActiveCfg = Debug|Any CPU
		{BC7D066C-7650-498C-9F7A-CA52C4B929D8}.Debug|Any CPU.Build.0 = Debug|Any CPU
		{BC7D066C-7650-498C-9F7A-CA52C4B929D8}.Release|Any CPU.ActiveCfg = Release|Any CPU
		{BC7D066C-7650-498C-9F7A-CA52C4B929D8}.Release|Any CPU.Build.0 = Release|Any CPU
		{838F94DB-2570-480D-AA34-3110DE42780F}.Debug|Any CPU.ActiveCfg = Debug|Any CPU
		{838F94DB-2570-480D-AA34-3110DE42780F}.Debug|Any CPU.Build.0 = Debug|Any CPU
		{838F94DB-2570-480D-AA34-3110DE42780F}.Release|Any CPU.ActiveCfg = Release|Any CPU
		{838F94DB-2570-480D-AA34-3110DE42780F}.Release|Any CPU.Build.0 = Release|Any CPU
	EndGlobalSection
	GlobalSection(SolutionProperties) = preSolution
		HideSolutionNode = FALSE
	EndGlobalSection
	GlobalSection(ExtensibilityGlobals) = postSolution
		SolutionGuid = {1F8645C9-1EE1-47AD-9D2D-553133A2312F}
	EndGlobalSection
EndGlobal
